
Microsoft Visual Studio Solution File, Format Version 12.00
# Visual Studio Version 17
VisualStudioVersion = 17.13.35931.197
MinimumVisualStudioVersion = 10.0.40219.1
Project("{2150E333-8FDC-42A3-9474-1A3956D46DE8}") = "src", "src", "{02EA681E-C7D8-13C7-8484-4AC65E1B71E8}"
EndProject
Project("{2150E333-8FDC-42A3-9474-1A3956D46DE8}") = "services", "services", "{A0907C74-5FFE-4D88-AF70-4746ABCB5C83}"
EndProject
Project("{2150E333-8FDC-42A3-9474-1A3956D46DE8}") = "OrderService.API", "OrderService.API", "{2B50B653-DEB8-45D1-B0C0-6A4BFB91E227}"
EndProject
Project("{2150E333-8FDC-42A3-9474-1A3956D46DE8}") = "OrderService.Application", "OrderService.Application", "{BA79FA46-6A28-4C47-A7E8-D8556FFF2F7F}"
EndProject
Project("{2150E333-8FDC-42A3-9474-1A3956D46DE8}") = "OrderService.Domain", "OrderService.Domain", "{9CF5789A-1534-47E6-8305-A4E4798F2BED}"
EndProject
Project("{2150E333-8FDC-42A3-9474-1A3956D46DE8}") = "OrderService.Infra", "OrderService.Infra", "{9233D89B-CA85-4AAC-B1C4-3A95E596A368}"
EndProject
Project("{2150E333-8FDC-42A3-9474-1A3956D46DE8}") = "Shared", "Shared", "{06037C70-2B82-47E6-98C2-4F42DF47CA6F}"
EndProject
Project("{FAE04EC0-301F-11D3-BF4B-00C04F79EFBC}") = "OrderService.API", "OrderService.API\OrderService.API.csproj", "{69A12E0C-B4F3-419D-AF6E-23FDA16E4224}"
	ProjectSection(ProjectDependencies) = postProject
		{246AAC52-BE86-4B47-8933-A1054D1A8454} = {246AAC52-BE86-4B47-8933-A1054D1A8454}
		{808F637D-A332-4B9E-877D-D8D18ABDEED5} = {808F637D-A332-4B9E-877D-D8D18ABDEED5}
		{AB9BF189-BD20-401C-8F11-DF89A820CF2C} = {AB9BF189-BD20-401C-8F11-DF89A820CF2C}
		{BBC36888-6C06-4706-92F9-A091E5706214} = {BBC36888-6C06-4706-92F9-A091E5706214}
	EndProjectSection
EndProject
Project("{FAE04EC0-301F-11D3-BF4B-00C04F79EFBC}") = "OrderService.Application", "OrderService.Application\OrderService.Application.csproj", "{808F637D-A332-4B9E-877D-D8D18ABDEED5}"
EndProject
Project("{FAE04EC0-301F-11D3-BF4B-00C04F79EFBC}") = "OrderService.Domain", "OrderService.Domain\OrderService.Domain.csproj", "{AB9BF189-BD20-401C-8F11-DF89A820CF2C}"
EndProject
Project("{FAE04EC0-301F-11D3-BF4B-00C04F79EFBC}") = "OrderService.Infra", "OrderService.Infra\OrderService.Infra.csproj", "{246AAC52-BE86-4B47-8933-A1054D1A8454}"
EndProject
Project("{FAE04EC0-301F-11D3-BF4B-00C04F79EFBC}") = "SharedSvc", "Shared\SharedSvc.csproj", "{BBC36888-6C06-4706-92F9-A091E5706214}"
EndProject
Project("{2150E333-8FDC-42A3-9474-1A3956D46DE8}") = "OrderService", "OrderService", "{832F96BF-4690-4735-8F6C-F85B0C9FA5AA}"
EndProject
Project("{2150E333-8FDC-42A3-9474-1A3956D46DE8}") = "RestaurentService", "RestaurentService", "{802E3DDB-6AF5-48B8-B0D6-6754BF724586}"
EndProject
Project("{2150E333-8FDC-42A3-9474-1A3956D46DE8}") = "RestaurentService.Application", "RestaurentService.Application", "{181376A2-2F41-4887-B1F3-FB6809459B86}"
EndProject
Project("{2150E333-8FDC-42A3-9474-1A3956D46DE8}") = "RestaurentService.Domain", "RestaurentService.Domain", "{C36E9C0E-4F74-49A1-9FB6-4EEFF03A5017}"
EndProject
Project("{2150E333-8FDC-42A3-9474-1A3956D46DE8}") = "RestaurentService.Infra", "RestaurentService.Infra", "{82229404-8DA7-4B7E-9674-37C7F8FD6891}"
EndProject
Project("{FAE04EC0-301F-11D3-BF4B-00C04F79EFBC}") = "RestaurentService.Application", "RestaurentService\RestaurentService.Application\RestaurentService.Application\RestaurentService.Application.csproj", "{3436A3E2-C463-424C-8327-4AB4ACDA906F}"
EndProject
Project("{FAE04EC0-301F-11D3-BF4B-00C04F79EFBC}") = "RestaurentService.Domain", "RestaurentService\RestaurentService.Domain\RestaurentService.Domain\RestaurentService.Domain.csproj", "{BA236FEE-CA3A-4298-B70F-9256EB725734}"
EndProject
Project("{FAE04EC0-301F-11D3-BF4B-00C04F79EFBC}") = "RestaurentService.Infra", "RestaurentService\RestaurentService.Infra\RestaurentService.Infra\RestaurentService.Infra.csproj", "{3ACC40D4-4839-476F-A9AE-4B3781A36C1F}"
EndProject
Project("{2150E333-8FDC-42A3-9474-1A3956D46DE8}") = "Shared.Data", "Shared.Data", "{13FF2267-FD49-461D-B980-C77DA1F34089}"
EndProject
Project("{FAE04EC0-301F-11D3-BF4B-00C04F79EFBC}") = "Shared.Data", "Shared.Data\Shared.Data.csproj", "{80AF6C5B-0E72-46C5-A3E0-AA35ED7C2AA7}"
EndProject
Project("{2150E333-8FDC-42A3-9474-1A3956D46DE8}") = "Shared.Components", "Shared.Components", "{53E1D362-6FD9-4312-9161-A369422DCFB5}"
EndProject
Global
	GlobalSection(SolutionConfigurationPlatforms) = preSolution
		Debug|Any CPU = Debug|Any CPU
		Release|Any CPU = Release|Any CPU
	EndGlobalSection
	GlobalSection(ProjectConfigurationPlatforms) = postSolution
		{69A12E0C-B4F3-419D-AF6E-23FDA16E4224}.Debug|Any CPU.ActiveCfg = Debug|Any CPU
		{69A12E0C-B4F3-419D-AF6E-23FDA16E4224}.Debug|Any CPU.Build.0 = Debug|Any CPU
		{69A12E0C-B4F3-419D-AF6E-23FDA16E4224}.Release|Any CPU.ActiveCfg = Release|Any CPU
		{69A12E0C-B4F3-419D-AF6E-23FDA16E4224}.Release|Any CPU.Build.0 = Release|Any CPU
		{808F637D-A332-4B9E-877D-D8D18ABDEED5}.Debug|Any CPU.ActiveCfg = Debug|Any CPU
		{808F637D-A332-4B9E-877D-D8D18ABDEED5}.Debug|Any CPU.Build.0 = Debug|Any CPU
		{808F637D-A332-4B9E-877D-D8D18ABDEED5}.Release|Any CPU.ActiveCfg = Release|Any CPU
		{808F637D-A332-4B9E-877D-D8D18ABDEED5}.Release|Any CPU.Build.0 = Release|Any CPU
		{AB9BF189-BD20-401C-8F11-DF89A820CF2C}.Debug|Any CPU.ActiveCfg = Debug|Any CPU
		{AB9BF189-BD20-401C-8F11-DF89A820CF2C}.Debug|Any CPU.Build.0 = Debug|Any CPU
		{AB9BF189-BD20-401C-8F11-DF89A820CF2C}.Release|Any CPU.ActiveCfg = Release|Any CPU
		{AB9BF189-BD20-401C-8F11-DF89A820CF2C}.Release|Any CPU.Build.0 = Release|Any CPU
		{246AAC52-BE86-4B47-8933-A1054D1A8454}.Debug|Any CPU.ActiveCfg = Debug|Any CPU
		{246AAC52-BE86-4B47-8933-A1054D1A8454}.Debug|Any CPU.Build.0 = Debug|Any CPU
		{246AAC52-BE86-4B47-8933-A1054D1A8454}.Release|Any CPU.ActiveCfg = Release|Any CPU
		{246AAC52-BE86-4B47-8933-A1054D1A8454}.Release|Any CPU.Build.0 = Release|Any CPU
		{BBC36888-6C06-4706-92F9-A091E5706214}.Debug|Any CPU.ActiveCfg = Debug|Any CPU
		{BBC36888-6C06-4706-92F9-A091E5706214}.Debug|Any CPU.Build.0 = Debug|Any CPU
		{BBC36888-6C06-4706-92F9-A091E5706214}.Release|Any CPU.ActiveCfg = Release|Any CPU
		{BBC36888-6C06-4706-92F9-A091E5706214}.Release|Any CPU.Build.0 = Release|Any CPU
		{3436A3E2-C463-424C-8327-4AB4ACDA906F}.Debug|Any CPU.ActiveCfg = Debug|Any CPU
		{3436A3E2-C463-424C-8327-4AB4ACDA906F}.Debug|Any CPU.Build.0 = Debug|Any CPU
		{3436A3E2-C463-424C-8327-4AB4ACDA906F}.Release|Any CPU.ActiveCfg = Release|Any CPU
		{3436A3E2-C463-424C-8327-4AB4ACDA906F}.Release|Any CPU.Build.0 = Release|Any CPU
		{BA236FEE-CA3A-4298-B70F-9256EB725734}.Debug|Any CPU.ActiveCfg = Debug|Any CPU
		{BA236FEE-CA3A-4298-B70F-9256EB725734}.Debug|Any CPU.Build.0 = Debug|Any CPU
		{BA236FEE-CA3A-4298-B70F-9256EB725734}.Release|Any CPU.ActiveCfg = Release|Any CPU
		{BA236FEE-CA3A-4298-B70F-9256EB725734}.Release|Any CPU.Build.0 = Release|Any CPU
		{3ACC40D4-4839-476F-A9AE-4B3781A36C1F}.Debug|Any CPU.ActiveCfg = Debug|Any CPU
		{3ACC40D4-4839-476F-A9AE-4B3781A36C1F}.Debug|Any CPU.Build.0 = Debug|Any CPU
		{3ACC40D4-4839-476F-A9AE-4B3781A36C1F}.Release|Any CPU.ActiveCfg = Release|Any CPU
		{3ACC40D4-4839-476F-A9AE-4B3781A36C1F}.Release|Any CPU.Build.0 = Release|Any CPU
		{80AF6C5B-0E72-46C5-A3E0-AA35ED7C2AA7}.Debug|Any CPU.ActiveCfg = Debug|Any CPU
		{80AF6C5B-0E72-46C5-A3E0-AA35ED7C2AA7}.Debug|Any CPU.Build.0 = Debug|Any CPU
		{80AF6C5B-0E72-46C5-A3E0-AA35ED7C2AA7}.Release|Any CPU.ActiveCfg = Release|Any CPU
		{80AF6C5B-0E72-46C5-A3E0-AA35ED7C2AA7}.Release|Any CPU.Build.0 = Release|Any CPU
	EndGlobalSection
	GlobalSection(SolutionProperties) = preSolution
		HideSolutionNode = FALSE
	EndGlobalSection
	GlobalSection(NestedProjects) = preSolution
		{A0907C74-5FFE-4D88-AF70-4746ABCB5C83} = {02EA681E-C7D8-13C7-8484-4AC65E1B71E8}
		{2B50B653-DEB8-45D1-B0C0-6A4BFB91E227} = {832F96BF-4690-4735-8F6C-F85B0C9FA5AA}
		{BA79FA46-6A28-4C47-A7E8-D8556FFF2F7F} = {832F96BF-4690-4735-8F6C-F85B0C9FA5AA}
		{9CF5789A-1534-47E6-8305-A4E4798F2BED} = {832F96BF-4690-4735-8F6C-F85B0C9FA5AA}
		{9233D89B-CA85-4AAC-B1C4-3A95E596A368} = {832F96BF-4690-4735-8F6C-F85B0C9FA5AA}
		{06037C70-2B82-47E6-98C2-4F42DF47CA6F} = {A0907C74-5FFE-4D88-AF70-4746ABCB5C83}
		{69A12E0C-B4F3-419D-AF6E-23FDA16E4224} = {2B50B653-DEB8-45D1-B0C0-6A4BFB91E227}
		{808F637D-A332-4B9E-877D-D8D18ABDEED5} = {BA79FA46-6A28-4C47-A7E8-D8556FFF2F7F}
		{AB9BF189-BD20-401C-8F11-DF89A820CF2C} = {9CF5789A-1534-47E6-8305-A4E4798F2BED}
		{246AAC52-BE86-4B47-8933-A1054D1A8454} = {9233D89B-CA85-4AAC-B1C4-3A95E596A368}
		{BBC36888-6C06-4706-92F9-A091E5706214} = {53E1D362-6FD9-4312-9161-A369422DCFB5}
		{832F96BF-4690-4735-8F6C-F85B0C9FA5AA} = {A0907C74-5FFE-4D88-AF70-4746ABCB5C83}
		{802E3DDB-6AF5-48B8-B0D6-6754BF724586} = {A0907C74-5FFE-4D88-AF70-4746ABCB5C83}
		{181376A2-2F41-4887-B1F3-FB6809459B86} = {802E3DDB-6AF5-48B8-B0D6-6754BF724586}
		{C36E9C0E-4F74-49A1-9FB6-4EEFF03A5017} = {802E3DDB-6AF5-48B8-B0D6-6754BF724586}
		{82229404-8DA7-4B7E-9674-37C7F8FD6891} = {802E3DDB-6AF5-48B8-B0D6-6754BF724586}
		{3436A3E2-C463-424C-8327-4AB4ACDA906F} = {181376A2-2F41-4887-B1F3-FB6809459B86}
		{BA236FEE-CA3A-4298-B70F-9256EB725734} = {C36E9C0E-4F74-49A1-9FB6-4EEFF03A5017}
		{3ACC40D4-4839-476F-A9AE-4B3781A36C1F} = {82229404-8DA7-4B7E-9674-37C7F8FD6891}
		{13FF2267-FD49-461D-B980-C77DA1F34089} = {06037C70-2B82-47E6-98C2-4F42DF47CA6F}
		{80AF6C5B-0E72-46C5-A3E0-AA35ED7C2AA7} = {13FF2267-FD49-461D-B980-C77DA1F34089}
		{53E1D362-6FD9-4312-9161-A369422DCFB5} = {06037C70-2B82-47E6-98C2-4F42DF47CA6F}
	EndGlobalSection
	GlobalSection(ExtensibilityGlobals) = postSolution
		SolutionGuid = {05B03117-8F96-426D-BCF4-5219BD5922C5}
	EndGlobalSection
EndGlobal
