
Microsoft Visual Studio Solution File, Format Version 12.00
# Visual Studio Version 17
VisualStudioVersion = 17.13.35931.197
MinimumVisualStudioVersion = 10.0.40219.1
Project("{2150E333-8FDC-42A3-9474-1A3956D46DE8}") = "src", "src", "{02EA681E-C7D8-13C7-8484-4AC65E1B71E8}"
EndProject
Project("{2150E333-8FDC-42A3-9474-1A3956D46DE8}") = "services", "services", "{A0907C74-5FFE-4D88-AF70-4746ABCB5C83}"
EndProject
Project("{2150E333-8FDC-42A3-9474-1A3956D46DE8}") = "OrderService", "OrderService", "{832F96BF-4690-4735-8F6C-F85B0C9FA5AA}"
EndProject
Project("{2150E333-8FDC-42A3-9474-1A3956D46DE8}") = "RestaurantService", "RestaurantService", "{802E3DDB-6AF5-48B8-B0D6-6754BF724586}"
EndProject
Project("{2150E333-8FDC-42A3-9474-1A3956D46DE8}") = "Shared", "Shared", "{06037C70-2B82-47E6-98C2-4F42DF47CA6F}"
EndProject
Project("{FAE04EC0-301F-11D3-BF4B-00C04F79EFBC}") = "OrderService.API", "src\services\OrderService\OrderService.API\OrderService.API.csproj", "{69A12E0C-B4F3-419D-AF6E-23FDA16E4224}"
EndProject
Project("{FAE04EC0-301F-11D3-BF4B-00C04F79EFBC}") = "OrderService.Application", "src\services\OrderService\OrderService.Application\OrderService.Application.csproj", "{808F637D-A332-4B9E-877D-D8D18ABDEED5}"
EndProject
Project("{FAE04EC0-301F-11D3-BF4B-00C04F79EFBC}") = "OrderService.Domain", "src\services\OrderService\OrderService.Domain\OrderService.Domain.csproj", "{AB9BF189-BD20-401C-8F11-DF89A820CF2C}"
EndProject
Project("{FAE04EC0-301F-11D3-BF4B-00C04F79EFBC}") = "OrderService.Infra", "src\services\OrderService\OrderService.Infra\OrderService.Infra.csproj", "{246AAC52-BE86-4B47-8933-A1054D1A8454}"
EndProject
Project("{FAE04EC0-301F-11D3-BF4B-00C04F79EFBC}") = "RestaurantService.API", "src\services\RestaurantService\Restaurant.API\RestaurantService.API.csproj", "{0BEBB7C7-915C-4B64-AA26-6069040E3E99}"
EndProject
Project("{FAE04EC0-301F-11D3-BF4B-00C04F79EFBC}") = "RestaurantService.Application", "src\services\RestaurantService\RestaurantService.Application\RestaurantService.Application.csproj", "{3436A3E2-C463-424C-8327-4AB4ACDA906F}"
EndProject
Project("{FAE04EC0-301F-11D3-BF4B-00C04F79EFBC}") = "RestaurantService.Domain", "src\services\RestaurantService\RestaurantService.Domain\RestaurantService.Domain.csproj", "{BA236FEE-CA3A-4298-B70F-9256EB725734}"
EndProject
Project("{FAE04EC0-301F-11D3-BF4B-00C04F79EFBC}") = "RestaurantService.Infra", "src\services\RestaurantService\RestaurantService.Infra\RestaurantService.Infra.csproj", "{3ACC40D4-4839-476F-A9AE-4B3781A36C1F}"
EndProject
Project("{FAE04EC0-301F-11D3-BF4B-00C04F79EFBC}") = "SharedSvc", "src\Shared\SharedSvc\SharedSvc.csproj", "{BBC36888-6C06-4706-92F9-A091E5706214}"
EndProject
Project("{FAE04EC0-301F-11D3-BF4B-00C04F79EFBC}") = "Shared.Data", "src\Shared\Shared.Data\Shared.Data.csproj", "{80AF6C5B-0E72-46C5-A3E0-AA35ED7C2AA7}"
EndProject
Project("{2150E333-8FDC-42A3-9474-1A3956D46DE8}") = "Unit Test", "Unit Test", "{C851EE7E-AF5B-4E36-9682-CB558F00BA00}"
EndProject
Project("{FAE04EC0-301F-11D3-BF4B-00C04F79EFBC}") = "OrderService.Infra.Test", "OrderService.Infra.Test\OrderService.Infra.Test.csproj", "{1135F5A1-9D66-49CD-AAC9-89D418554BCA}"
EndProject
Project("{2150E333-8FDC-42A3-9474-1A3956D46DE8}") = "DockerFiles", "DockerFiles", "{2EA58F1A-09F1-4AFF-9503-E27224FB47D9}"
	ProjectSection(SolutionItems) = preProject
		src\Dockerfiles\OrderDockerfile = src\Dockerfiles\OrderDockerfile
		src\Dockerfiles\RestaurantDockerfile = src\Dockerfiles\RestaurantDockerfile
	EndProjectSection
EndProject
Project("{2150E333-8FDC-42A3-9474-1A3956D46DE8}") = "PaymentService", "PaymentService", "{66256518-8007-405D-BBEB-F09F90F578C2}"
EndProject
Project("{FAE04EC0-301F-11D3-BF4B-00C04F79EFBC}") = "PaymentService.API", "src\services\PaymentService\PaymentService.API\PaymentService.API.csproj", "{B0CB0BAB-F1AF-8717-269A-CE892E468AAF}"
EndProject
Project("{FAE04EC0-301F-11D3-BF4B-00C04F79EFBC}") = "PaymentService.Application", "src\services\PaymentService\PaymentService.Application\PaymentService.Application.csproj", "{DE2C65B8-4F10-943F-93C3-D6970F02D0C7}"
EndProject
Project("{FAE04EC0-301F-11D3-BF4B-00C04F79EFBC}") = "PaymentService.Domain", "src\services\PaymentService\PaymentService.Domain\PaymentService.Domain.csproj", "{6A1F07AE-2B01-B59F-B85B-749C81421BCC}"
EndProject
Project("{2150E333-8FDC-42A3-9474-1A3956D46DE8}") = "CartService", "CartService", "{5FE4F574-BC45-46BB-92E1-3679A2C032FC}"
EndProject
Project("{FAE04EC0-301F-11D3-BF4B-00C04F79EFBC}") = "CartService.API", "src\services\CartService\CartService.API\CartService.API.csproj", "{DB5E237E-FE9C-4B26-8017-2AED292FA1E6}"
EndProject
Project("{FAE04EC0-301F-11D3-BF4B-00C04F79EFBC}") = "CartService.Application", "src\services\CartService\CartService.Application\CartService.Application.csproj", "{BA26800A-6D58-4DBD-8F56-C31FDF7AD0EE}"
EndProject
Project("{FAE04EC0-301F-11D3-BF4B-00C04F79EFBC}") = "CartService.Domain", "src\services\CartService\CartService.Domain\CartService.Domain.csproj", "{49A9C04C-08AF-4193-82E0-55765B04290E}"
EndProject
Project("{FAE04EC0-301F-11D3-BF4B-00C04F79EFBC}") = "CartService.Infra", "src\services\CartService\CartService.Infra\CartService.Infra.csproj", "{9903F697-5471-40D6-97FF-3803C2497668}"
EndProject
Project("{2150E333-8FDC-42A3-9474-1A3956D46DE8}") = "Frontend", "Frontend", "{63997D0C-DCCD-463D-B29F-E0BA73B7763B}"
	ProjectSection(SolutionItems) = preProject
		frontend\angular.json = frontend\angular.json
		frontend\src\app\app-routing.module.ts = frontend\src\app\app-routing.module.ts
		frontend\src\app\app.component.ts = frontend\src\app\app.component.ts
		frontend\src\app\app.module.ts = frontend\src\app\app.module.ts
		frontend\src\index.html = frontend\src\index.html
		frontend\src\main.ts = frontend\src\main.ts
		frontend\package.json = frontend\package.json
		frontend\README.md = frontend\README.md
		frontend\src\styles.css = frontend\src\styles.css
		frontend\tsconfig.json = frontend\tsconfig.json
	EndProjectSection
EndProject
Project("{FAE04EC0-301F-11D3-BF4B-00C04F79EFBC}") = "PaymentService.Infra", "src\services\PaymentService\PaymentService.Infra\PaymentService.Infra.csproj", "{6A23DD37-F9C7-4752-BAF5-99866D23768B}"
EndProject
Global
	GlobalSection(SolutionConfigurationPlatforms) = preSolution
		Debug|Any CPU = Debug|Any CPU
		Release|Any CPU = Release|Any CPU
	EndGlobalSection
	GlobalSection(ProjectConfigurationPlatforms) = postSolution
		{69A12E0C-B4F3-419D-AF6E-23FDA16E4224}.Debug|Any CPU.ActiveCfg = Debug|Any CPU
		{69A12E0C-B4F3-419D-AF6E-23FDA16E4224}.Debug|Any CPU.Build.0 = Debug|Any CPU
		{69A12E0C-B4F3-419D-AF6E-23FDA16E4224}.Release|Any CPU.ActiveCfg = Release|Any CPU
		{69A12E0C-B4F3-419D-AF6E-23FDA16E4224}.Release|Any CPU.Build.0 = Release|Any CPU
		{808F637D-A332-4B9E-877D-D8D18ABDEED5}.Debug|Any CPU.ActiveCfg = Debug|Any CPU
		{808F637D-A332-4B9E-877D-D8D18ABDEED5}.Debug|Any CPU.Build.0 = Debug|Any CPU
		{808F637D-A332-4B9E-877D-D8D18ABDEED5}.Release|Any CPU.ActiveCfg = Release|Any CPU
		{808F637D-A332-4B9E-877D-D8D18ABDEED5}.Release|Any CPU.Build.0 = Release|Any CPU
		{AB9BF189-BD20-401C-8F11-DF89A820CF2C}.Debug|Any CPU.ActiveCfg = Debug|Any CPU
		{AB9BF189-BD20-401C-8F11-DF89A820CF2C}.Debug|Any CPU.Build.0 = Debug|Any CPU
		{AB9BF189-BD20-401C-8F11-DF89A820CF2C}.Release|Any CPU.ActiveCfg = Release|Any CPU
		{AB9BF189-BD20-401C-8F11-DF89A820CF2C}.Release|Any CPU.Build.0 = Release|Any CPU
		{246AAC52-BE86-4B47-8933-A1054D1A8454}.Debug|Any CPU.ActiveCfg = Debug|Any CPU
		{246AAC52-BE86-4B47-8933-A1054D1A8454}.Debug|Any CPU.Build.0 = Debug|Any CPU
		{246AAC52-BE86-4B47-8933-A1054D1A8454}.Release|Any CPU.ActiveCfg = Release|Any CPU
		{246AAC52-BE86-4B47-8933-A1054D1A8454}.Release|Any CPU.Build.0 = Release|Any CPU
		{0BEBB7C7-915C-4B64-AA26-6069040E3E99}.Debug|Any CPU.ActiveCfg = Debug|Any CPU
		{0BEBB7C7-915C-4B64-AA26-6069040E3E99}.Debug|Any CPU.Build.0 = Debug|Any CPU
		{0BEBB7C7-915C-4B64-AA26-6069040E3E99}.Release|Any CPU.ActiveCfg = Release|Any CPU
		{0BEBB7C7-915C-4B64-AA26-6069040E3E99}.Release|Any CPU.Build.0 = Release|Any CPU
		{3436A3E2-C463-424C-8327-4AB4ACDA906F}.Debug|Any CPU.ActiveCfg = Debug|Any CPU
		{3436A3E2-C463-424C-8327-4AB4ACDA906F}.Debug|Any CPU.Build.0 = Debug|Any CPU
		{3436A3E2-C463-424C-8327-4AB4ACDA906F}.Release|Any CPU.ActiveCfg = Release|Any CPU
		{3436A3E2-C463-424C-8327-4AB4ACDA906F}.Release|Any CPU.Build.0 = Release|Any CPU
		{BA236FEE-CA3A-4298-B70F-9256EB725734}.Debug|Any CPU.ActiveCfg = Debug|Any CPU
		{BA236FEE-CA3A-4298-B70F-9256EB725734}.Debug|Any CPU.Build.0 = Debug|Any CPU
		{BA236FEE-CA3A-4298-B70F-9256EB725734}.Release|Any CPU.ActiveCfg = Release|Any CPU
		{BA236FEE-CA3A-4298-B70F-9256EB725734}.Release|Any CPU.Build.0 = Release|Any CPU
		{3ACC40D4-4839-476F-A9AE-4B3781A36C1F}.Debug|Any CPU.ActiveCfg = Debug|Any CPU
		{3ACC40D4-4839-476F-A9AE-4B3781A36C1F}.Debug|Any CPU.Build.0 = Debug|Any CPU
		{3ACC40D4-4839-476F-A9AE-4B3781A36C1F}.Release|Any CPU.ActiveCfg = Release|Any CPU
		{3ACC40D4-4839-476F-A9AE-4B3781A36C1F}.Release|Any CPU.Build.0 = Release|Any CPU
		{BBC36888-6C06-4706-92F9-A091E5706214}.Debug|Any CPU.ActiveCfg = Debug|Any CPU
		{BBC36888-6C06-4706-92F9-A091E5706214}.Debug|Any CPU.Build.0 = Debug|Any CPU
		{BBC36888-6C06-4706-92F9-A091E5706214}.Release|Any CPU.ActiveCfg = Release|Any CPU
		{BBC36888-6C06-4706-92F9-A091E5706214}.Release|Any CPU.Build.0 = Release|Any CPU
		{80AF6C5B-0E72-46C5-A3E0-AA35ED7C2AA7}.Debug|Any CPU.ActiveCfg = Debug|Any CPU
		{80AF6C5B-0E72-46C5-A3E0-AA35ED7C2AA7}.Debug|Any CPU.Build.0 = Debug|Any CPU
		{80AF6C5B-0E72-46C5-A3E0-AA35ED7C2AA7}.Release|Any CPU.ActiveCfg = Release|Any CPU
		{80AF6C5B-0E72-46C5-A3E0-AA35ED7C2AA7}.Release|Any CPU.Build.0 = Release|Any CPU
		{1135F5A1-9D66-49CD-AAC9-89D418554BCA}.Debug|Any CPU.ActiveCfg = Debug|Any CPU
		{1135F5A1-9D66-49CD-AAC9-89D418554BCA}.Debug|Any CPU.Build.0 = Debug|Any CPU
		{1135F5A1-9D66-49CD-AAC9-89D418554BCA}.Release|Any CPU.ActiveCfg = Release|Any CPU
		{1135F5A1-9D66-49CD-AAC9-89D418554BCA}.Release|Any CPU.Build.0 = Release|Any CPU
		{B0CB0BAB-F1AF-8717-269A-CE892E468AAF}.Debug|Any CPU.ActiveCfg = Debug|Any CPU
		{B0CB0BAB-F1AF-8717-269A-CE892E468AAF}.Debug|Any CPU.Build.0 = Debug|Any CPU
		{B0CB0BAB-F1AF-8717-269A-CE892E468AAF}.Release|Any CPU.ActiveCfg = Release|Any CPU
		{B0CB0BAB-F1AF-8717-269A-CE892E468AAF}.Release|Any CPU.Build.0 = Release|Any CPU
		{DE2C65B8-4F10-943F-93C3-D6970F02D0C7}.Debug|Any CPU.ActiveCfg = Debug|Any CPU
		{DE2C65B8-4F10-943F-93C3-D6970F02D0C7}.Debug|Any CPU.Build.0 = Debug|Any CPU
		{DE2C65B8-4F10-943F-93C3-D6970F02D0C7}.Release|Any CPU.ActiveCfg = Release|Any CPU
		{DE2C65B8-4F10-943F-93C3-D6970F02D0C7}.Release|Any CPU.Build.0 = Release|Any CPU
		{6A1F07AE-2B01-B59F-B85B-749C81421BCC}.Debug|Any CPU.ActiveCfg = Debug|Any CPU
		{6A1F07AE-2B01-B59F-B85B-749C81421BCC}.Debug|Any CPU.Build.0 = Debug|Any CPU
		{6A1F07AE-2B01-B59F-B85B-749C81421BCC}.Release|Any CPU.ActiveCfg = Release|Any CPU
		{6A1F07AE-2B01-B59F-B85B-749C81421BCC}.Release|Any CPU.Build.0 = Release|Any CPU
		{DB5E237E-FE9C-4B26-8017-2AED292FA1E6}.Debug|Any CPU.ActiveCfg = Debug|Any CPU
		{DB5E237E-FE9C-4B26-8017-2AED292FA1E6}.Debug|Any CPU.Build.0 = Debug|Any CPU
		{DB5E237E-FE9C-4B26-8017-2AED292FA1E6}.Release|Any CPU.ActiveCfg = Release|Any CPU
		{DB5E237E-FE9C-4B26-8017-2AED292FA1E6}.Release|Any CPU.Build.0 = Release|Any CPU
		{BA26800A-6D58-4DBD-8F56-C31FDF7AD0EE}.Debug|Any CPU.ActiveCfg = Debug|Any CPU
		{BA26800A-6D58-4DBD-8F56-C31FDF7AD0EE}.Debug|Any CPU.Build.0 = Debug|Any CPU
		{BA26800A-6D58-4DBD-8F56-C31FDF7AD0EE}.Release|Any CPU.ActiveCfg = Release|Any CPU
		{BA26800A-6D58-4DBD-8F56-C31FDF7AD0EE}.Release|Any CPU.Build.0 = Release|Any CPU
		{49A9C04C-08AF-4193-82E0-55765B04290E}.Debug|Any CPU.ActiveCfg = Debug|Any CPU
		{49A9C04C-08AF-4193-82E0-55765B04290E}.Debug|Any CPU.Build.0 = Debug|Any CPU
		{49A9C04C-08AF-4193-82E0-55765B04290E}.Release|Any CPU.ActiveCfg = Release|Any CPU
		{49A9C04C-08AF-4193-82E0-55765B04290E}.Release|Any CPU.Build.0 = Release|Any CPU
		{9903F697-5471-40D6-97FF-3803C2497668}.Debug|Any CPU.ActiveCfg = Debug|Any CPU
		{9903F697-5471-40D6-97FF-3803C2497668}.Debug|Any CPU.Build.0 = Debug|Any CPU
		{9903F697-5471-40D6-97FF-3803C2497668}.Release|Any CPU.ActiveCfg = Release|Any CPU
		{9903F697-5471-40D6-97FF-3803C2497668}.Release|Any CPU.Build.0 = Release|Any CPU
		{6A23DD37-F9C7-4752-BAF5-99866D23768B}.Debug|Any CPU.ActiveCfg = Debug|Any CPU
		{6A23DD37-F9C7-4752-BAF5-99866D23768B}.Debug|Any CPU.Build.0 = Debug|Any CPU
		{6A23DD37-F9C7-4752-BAF5-99866D23768B}.Release|Any CPU.ActiveCfg = Release|Any CPU
		{6A23DD37-F9C7-4752-BAF5-99866D23768B}.Release|Any CPU.Build.0 = Release|Any CPU
	EndGlobalSection
	GlobalSection(SolutionProperties) = preSolution
		HideSolutionNode = FALSE
	EndGlobalSection
	GlobalSection(NestedProjects) = preSolution
		{A0907C74-5FFE-4D88-AF70-4746ABCB5C83} = {02EA681E-C7D8-13C7-8484-4AC65E1B71E8}
		{832F96BF-4690-4735-8F6C-F85B0C9FA5AA} = {A0907C74-5FFE-4D88-AF70-4746ABCB5C83}
		{802E3DDB-6AF5-48B8-B0D6-6754BF724586} = {A0907C74-5FFE-4D88-AF70-4746ABCB5C83}
		{06037C70-2B82-47E6-98C2-4F42DF47CA6F} = {02EA681E-C7D8-13C7-8484-4AC65E1B71E8}
		{69A12E0C-B4F3-419D-AF6E-23FDA16E4224} = {832F96BF-4690-4735-8F6C-F85B0C9FA5AA}
		{808F637D-A332-4B9E-877D-D8D18ABDEED5} = {832F96BF-4690-4735-8F6C-F85B0C9FA5AA}
		{AB9BF189-BD20-401C-8F11-DF89A820CF2C} = {832F96BF-4690-4735-8F6C-F85B0C9FA5AA}
		{246AAC52-BE86-4B47-8933-A1054D1A8454} = {832F96BF-4690-4735-8F6C-F85B0C9FA5AA}
		{0BEBB7C7-915C-4B64-AA26-6069040E3E99} = {802E3DDB-6AF5-48B8-B0D6-6754BF724586}
		{3436A3E2-C463-424C-8327-4AB4ACDA906F} = {802E3DDB-6AF5-48B8-B0D6-6754BF724586}
		{BA236FEE-CA3A-4298-B70F-9256EB725734} = {802E3DDB-6AF5-48B8-B0D6-6754BF724586}
		{3ACC40D4-4839-476F-A9AE-4B3781A36C1F} = {802E3DDB-6AF5-48B8-B0D6-6754BF724586}
		{BBC36888-6C06-4706-92F9-A091E5706214} = {06037C70-2B82-47E6-98C2-4F42DF47CA6F}
		{80AF6C5B-0E72-46C5-A3E0-AA35ED7C2AA7} = {06037C70-2B82-47E6-98C2-4F42DF47CA6F}
		{C851EE7E-AF5B-4E36-9682-CB558F00BA00} = {02EA681E-C7D8-13C7-8484-4AC65E1B71E8}
		{1135F5A1-9D66-49CD-AAC9-89D418554BCA} = {C851EE7E-AF5B-4E36-9682-CB558F00BA00}
		{2EA58F1A-09F1-4AFF-9503-E27224FB47D9} = {02EA681E-C7D8-13C7-8484-4AC65E1B71E8}
		{66256518-8007-405D-BBEB-F09F90F578C2} = {A0907C74-5FFE-4D88-AF70-4746ABCB5C83}
		{B0CB0BAB-F1AF-8717-269A-CE892E468AAF} = {66256518-8007-405D-BBEB-F09F90F578C2}
		{DE2C65B8-4F10-943F-93C3-D6970F02D0C7} = {66256518-8007-405D-BBEB-F09F90F578C2}
		{6A1F07AE-2B01-B59F-B85B-749C81421BCC} = {66256518-8007-405D-BBEB-F09F90F578C2}
		{5FE4F574-BC45-46BB-92E1-3679A2C032FC} = {A0907C74-5FFE-4D88-AF70-4746ABCB5C83}
		{DB5E237E-FE9C-4B26-8017-2AED292FA1E6} = {5FE4F574-BC45-46BB-92E1-3679A2C032FC}
		{BA26800A-6D58-4DBD-8F56-C31FDF7AD0EE} = {5FE4F574-BC45-46BB-92E1-3679A2C032FC}
		{49A9C04C-08AF-4193-82E0-55765B04290E} = {5FE4F574-BC45-46BB-92E1-3679A2C032FC}
		{9903F697-5471-40D6-97FF-3803C2497668} = {5FE4F574-BC45-46BB-92E1-3679A2C032FC}
		{6A23DD37-F9C7-4752-BAF5-99866D23768B} = {66256518-8007-405D-BBEB-F09F90F578C2}
	EndGlobalSection
	GlobalSection(ExtensibilityGlobals) = postSolution
		SolutionGuid = {05B03117-8F96-426D-BCF4-5219BD5922C5}
	EndGlobalSection
EndGlobal
