
Microsoft Visual Studio Solution File, Format Version 12.00
# Visual Studio Version 17
VisualStudioVersion = 17.13.35931.197 d17.13
MinimumVisualStudioVersion = 10.0.40219.1
Project("{2150E333-8FDC-42A3-9474-1A3956D46DE8}") = "src", "src", "{02EA681E-C7D8-13C7-8484-4AC65E1B71E8}"
EndProject
Project("{2150E333-8FDC-42A3-9474-1A3956D46DE8}") = "services", "services", "{A0907C74-5FFE-4D88-AF70-4746ABCB5C83}"
EndProject
Project("{2150E333-8FDC-42A3-9474-1A3956D46DE8}") = "OrderService.API", "OrderService.API", "{2B50B653-DEB8-45D1-B0C0-6A4BFB91E227}"
EndProject
Project("{2150E333-8FDC-42A3-9474-1A3956D46DE8}") = "OrderService.Application", "OrderService.Application", "{BA79FA46-6A28-4C47-A7E8-D8556FFF2F7F}"
EndProject
Project("{2150E333-8FDC-42A3-9474-1A3956D46DE8}") = "OrderService.Domain", "OrderService.Domain", "{9CF5789A-1534-47E6-8305-A4E4798F2BED}"
EndProject
Project("{2150E333-8FDC-42A3-9474-1A3956D46DE8}") = "OrderService.Infra", "OrderService.Infra", "{9233D89B-CA85-4AAC-B1C4-3A95E596A368}"
EndProject
Project("{2150E333-8FDC-42A3-9474-1A3956D46DE8}") = "Shared", "Shared", "{06037C70-2B82-47E6-98C2-4F42DF47CA6F}"
EndProject
Project("{2150E333-8FDC-42A3-9474-1A3956D46DE8}") = "Authentication", "Authentication", "{D939D5E2-38BB-4551-A5BE-329F6E591420}"
	ProjectSection(SolutionItems) = preProject
		AuthExtensions.cs = AuthExtensions.cs
	EndProjectSection
EndProject
Project("{FAE04EC0-301F-11D3-BF4B-00C04F79EFBC}") = "OrderService.API", "OrderService.API\OrderService.API.csproj", "{69A12E0C-B4F3-419D-AF6E-23FDA16E4224}"
EndProject
Project("{FAE04EC0-301F-11D3-BF4B-00C04F79EFBC}") = "OrderService.Application", "OrderService.Application\OrderService.Application.csproj", "{808F637D-A332-4B9E-877D-D8D18ABDEED5}"
EndProject
Project("{FAE04EC0-301F-11D3-BF4B-00C04F79EFBC}") = "OrderService.Domain", "OrderService.Domain\OrderService.Domain.csproj", "{AB9BF189-BD20-401C-8F11-DF89A820CF2C}"
EndProject
Project("{FAE04EC0-301F-11D3-BF4B-00C04F79EFBC}") = "OrderService.Infra", "OrderService.Infra\OrderService.Infra.csproj", "{246AAC52-BE86-4B47-8933-A1054D1A8454}"
EndProject
Project("{FAE04EC0-301F-11D3-BF4B-00C04F79EFBC}") = "Shared", "Shared\Shared.csproj", "{BBC36888-6C06-4706-92F9-A091E5706214}"
EndProject
Project("{2150E333-8FDC-42A3-9474-1A3956D46DE8}") = "CorrelationId", "CorrelationId", "{9DFB87DA-68EE-4E78-9591-46468450AC16}"
	ProjectSection(SolutionItems) = preProject
		CorrelationContext.cs = CorrelationContext.cs
	EndProjectSection
EndProject
Project("{2150E333-8FDC-42A3-9474-1A3956D46DE8}") = "DevTools", "DevTools", "{371325E4-89C1-4E91-88CD-BF234D51047A}"
EndProject
Project("{2150E333-8FDC-42A3-9474-1A3956D46DE8}") = "Http", "Http", "{B5580496-0CA6-43F9-AE47-CF128B70DD43}"
EndProject
Project("{2150E333-8FDC-42A3-9474-1A3956D46DE8}") = "Identity", "Identity", "{C037F3BC-FEED-44FF-9B7F-21823F824EC7}"
EndProject
Project("{2150E333-8FDC-42A3-9474-1A3956D46DE8}") = "Infra", "Infra", "{F51FEF68-A0BB-40BA-B41A-F4DA4E57CEC9}"
EndProject
Project("{2150E333-8FDC-42A3-9474-1A3956D46DE8}") = "Logging", "Logging", "{5697EFB5-4089-49C4-8F62-7C4629E16827}"
EndProject
Project("{2150E333-8FDC-42A3-9474-1A3956D46DE8}") = "Messaging", "Messaging", "{F2ED1920-922B-4C12-BCED-8AC6E150DE96}"
EndProject
Project("{2150E333-8FDC-42A3-9474-1A3956D46DE8}") = "Polly", "Polly", "{2D521D59-2907-41F6-820F-7FE117399FB6}"
EndProject
Project("{2150E333-8FDC-42A3-9474-1A3956D46DE8}") = "Swagger", "Swagger", "{1C33893B-7BF9-47D3-B2D0-EB33AF204CBD}"
EndProject
Global
	GlobalSection(SolutionConfigurationPlatforms) = preSolution
		Debug|Any CPU = Debug|Any CPU
		Release|Any CPU = Release|Any CPU
	EndGlobalSection
	GlobalSection(ProjectConfigurationPlatforms) = postSolution
		{69A12E0C-B4F3-419D-AF6E-23FDA16E4224}.Debug|Any CPU.ActiveCfg = Debug|Any CPU
		{69A12E0C-B4F3-419D-AF6E-23FDA16E4224}.Debug|Any CPU.Build.0 = Debug|Any CPU
		{69A12E0C-B4F3-419D-AF6E-23FDA16E4224}.Release|Any CPU.ActiveCfg = Release|Any CPU
		{69A12E0C-B4F3-419D-AF6E-23FDA16E4224}.Release|Any CPU.Build.0 = Release|Any CPU
		{808F637D-A332-4B9E-877D-D8D18ABDEED5}.Debug|Any CPU.ActiveCfg = Debug|Any CPU
		{808F637D-A332-4B9E-877D-D8D18ABDEED5}.Debug|Any CPU.Build.0 = Debug|Any CPU
		{808F637D-A332-4B9E-877D-D8D18ABDEED5}.Release|Any CPU.ActiveCfg = Release|Any CPU
		{808F637D-A332-4B9E-877D-D8D18ABDEED5}.Release|Any CPU.Build.0 = Release|Any CPU
		{AB9BF189-BD20-401C-8F11-DF89A820CF2C}.Debug|Any CPU.ActiveCfg = Debug|Any CPU
		{AB9BF189-BD20-401C-8F11-DF89A820CF2C}.Debug|Any CPU.Build.0 = Debug|Any CPU
		{AB9BF189-BD20-401C-8F11-DF89A820CF2C}.Release|Any CPU.ActiveCfg = Release|Any CPU
		{AB9BF189-BD20-401C-8F11-DF89A820CF2C}.Release|Any CPU.Build.0 = Release|Any CPU
		{246AAC52-BE86-4B47-8933-A1054D1A8454}.Debug|Any CPU.ActiveCfg = Debug|Any CPU
		{246AAC52-BE86-4B47-8933-A1054D1A8454}.Debug|Any CPU.Build.0 = Debug|Any CPU
		{246AAC52-BE86-4B47-8933-A1054D1A8454}.Release|Any CPU.ActiveCfg = Release|Any CPU
		{246AAC52-BE86-4B47-8933-A1054D1A8454}.Release|Any CPU.Build.0 = Release|Any CPU
		{BBC36888-6C06-4706-92F9-A091E5706214}.Debug|Any CPU.ActiveCfg = Debug|Any CPU
		{BBC36888-6C06-4706-92F9-A091E5706214}.Debug|Any CPU.Build.0 = Debug|Any CPU
		{BBC36888-6C06-4706-92F9-A091E5706214}.Release|Any CPU.ActiveCfg = Release|Any CPU
		{BBC36888-6C06-4706-92F9-A091E5706214}.Release|Any CPU.Build.0 = Release|Any CPU
	EndGlobalSection
	GlobalSection(SolutionProperties) = preSolution
		HideSolutionNode = FALSE
	EndGlobalSection
	GlobalSection(NestedProjects) = preSolution
		{A0907C74-5FFE-4D88-AF70-4746ABCB5C83} = {02EA681E-C7D8-13C7-8484-4AC65E1B71E8}
		{2B50B653-DEB8-45D1-B0C0-6A4BFB91E227} = {A0907C74-5FFE-4D88-AF70-4746ABCB5C83}
		{BA79FA46-6A28-4C47-A7E8-D8556FFF2F7F} = {A0907C74-5FFE-4D88-AF70-4746ABCB5C83}
		{9CF5789A-1534-47E6-8305-A4E4798F2BED} = {A0907C74-5FFE-4D88-AF70-4746ABCB5C83}
		{9233D89B-CA85-4AAC-B1C4-3A95E596A368} = {A0907C74-5FFE-4D88-AF70-4746ABCB5C83}
		{06037C70-2B82-47E6-98C2-4F42DF47CA6F} = {A0907C74-5FFE-4D88-AF70-4746ABCB5C83}
		{D939D5E2-38BB-4551-A5BE-329F6E591420} = {06037C70-2B82-47E6-98C2-4F42DF47CA6F}
		{69A12E0C-B4F3-419D-AF6E-23FDA16E4224} = {2B50B653-DEB8-45D1-B0C0-6A4BFB91E227}
		{808F637D-A332-4B9E-877D-D8D18ABDEED5} = {BA79FA46-6A28-4C47-A7E8-D8556FFF2F7F}
		{AB9BF189-BD20-401C-8F11-DF89A820CF2C} = {9CF5789A-1534-47E6-8305-A4E4798F2BED}
		{246AAC52-BE86-4B47-8933-A1054D1A8454} = {9233D89B-CA85-4AAC-B1C4-3A95E596A368}
		{BBC36888-6C06-4706-92F9-A091E5706214} = {06037C70-2B82-47E6-98C2-4F42DF47CA6F}
		{9DFB87DA-68EE-4E78-9591-46468450AC16} = {06037C70-2B82-47E6-98C2-4F42DF47CA6F}
		{371325E4-89C1-4E91-88CD-BF234D51047A} = {06037C70-2B82-47E6-98C2-4F42DF47CA6F}
		{B5580496-0CA6-43F9-AE47-CF128B70DD43} = {06037C70-2B82-47E6-98C2-4F42DF47CA6F}
		{C037F3BC-FEED-44FF-9B7F-21823F824EC7} = {06037C70-2B82-47E6-98C2-4F42DF47CA6F}
		{F51FEF68-A0BB-40BA-B41A-F4DA4E57CEC9} = {06037C70-2B82-47E6-98C2-4F42DF47CA6F}
		{5697EFB5-4089-49C4-8F62-7C4629E16827} = {06037C70-2B82-47E6-98C2-4F42DF47CA6F}
		{F2ED1920-922B-4C12-BCED-8AC6E150DE96} = {06037C70-2B82-47E6-98C2-4F42DF47CA6F}
		{2D521D59-2907-41F6-820F-7FE117399FB6} = {06037C70-2B82-47E6-98C2-4F42DF47CA6F}
		{1C33893B-7BF9-47D3-B2D0-EB33AF204CBD} = {06037C70-2B82-47E6-98C2-4F42DF47CA6F}
	EndGlobalSection
	GlobalSection(ExtensibilityGlobals) = postSolution
		SolutionGuid = {05B03117-8F96-426D-BCF4-5219BD5922C5}
	EndGlobalSection
EndGlobal
